
Microsoft Visual Studio Solution File, Format Version 12.00
# Visual Studio Version 17
VisualStudioVersion = 17.0.31903.59
MinimumVisualStudioVersion = 10.0.40219.1
Project("{2150E333-8FDC-42A3-9474-1A3956D46DE8}") = "src", "src", "{827E0CD3-B72D-47B6-A68D-7590B98EB39B}"
EndProject
Project("{FAE04EC0-301F-11D3-BF4B-00C04F79EFBC}") = "CoursePlatform.Domain", "src\CoursePlatform.Domain\CoursePlatform.Domain.csproj", "{C848D859-3091-4B5B-868E-A69976A62CCB}"
EndProject
Project("{FAE04EC0-301F-11D3-BF4B-00C04F79EFBC}") = "CoursePlatform.Application", "src\CoursePlatform.Application\CoursePlatform.Application.csproj", "{FFD143CB-3C91-4414-A985-2417A009566C}"
EndProject
Project("{FAE04EC0-301F-11D3-BF4B-00C04F79EFBC}") = "CoursePlatform.Infrastructure", "src\CoursePlatform.Infrastructure\CoursePlatform.Infrastructure.csproj", "{1894A140-8D06-4A70-877A-6FDDAE5740CC}"
EndProject
Project("{FAE04EC0-301F-11D3-BF4B-00C04F79EFBC}") = "CoursePlatform.Api", "src\CoursePlatform.Api\CoursePlatform.Api.csproj", "{D73A7555-CBB1-472A-8066-B7A086D8F9D9}"
EndProject
Project("{2150E333-8FDC-42A3-9474-1A3956D46DE8}") = "tests", "tests", "{0AB3BF05-4346-4AA6-1389-037BE0695223}"
EndProject
Project("{FAE04EC0-301F-11D3-BF4B-00C04F79EFBC}") = "CoursePlatform.Tests", "tests\CoursePlatform.Tests\CoursePlatform.Tests.csproj", "{9F7C32AE-B9D6-4375-8E55-7F9BDCD16574}"
EndProject
Global
	GlobalSection(SolutionConfigurationPlatforms) = preSolution
		Debug|Any CPU = Debug|Any CPU
		Debug|x64 = Debug|x64
		Debug|x86 = Debug|x86
		Release|Any CPU = Release|Any CPU
		Release|x64 = Release|x64
		Release|x86 = Release|x86
	EndGlobalSection
	GlobalSection(ProjectConfigurationPlatforms) = postSolution
		{C848D859-3091-4B5B-868E-A69976A62CCB}.Debug|Any CPU.ActiveCfg = Debug|Any CPU
		{C848D859-3091-4B5B-868E-A69976A62CCB}.Debug|Any CPU.Build.0 = Debug|Any CPU
		{C848D859-3091-4B5B-868E-A69976A62CCB}.Debug|x64.ActiveCfg = Debug|Any CPU
		{C848D859-3091-4B5B-868E-A69976A62CCB}.Debug|x64.Build.0 = Debug|Any CPU
		{C848D859-3091-4B5B-868E-A69976A62CCB}.Debug|x86.ActiveCfg = Debug|Any CPU
		{C848D859-3091-4B5B-868E-A69976A62CCB}.Debug|x86.Build.0 = Debug|Any CPU
		{C848D859-3091-4B5B-868E-A69976A62CCB}.Release|Any CPU.ActiveCfg = Release|Any CPU
		{C848D859-3091-4B5B-868E-A69976A62CCB}.Release|Any CPU.Build.0 = Release|Any CPU
		{C848D859-3091-4B5B-868E-A69976A62CCB}.Release|x64.ActiveCfg = Release|Any CPU
		{C848D859-3091-4B5B-868E-A69976A62CCB}.Release|x64.Build.0 = Release|Any CPU
		{C848D859-3091-4B5B-868E-A69976A62CCB}.Release|x86.ActiveCfg = Release|Any CPU
		{C848D859-3091-4B5B-868E-A69976A62CCB}.Release|x86.Build.0 = Release|Any CPU
		{FFD143CB-3C91-4414-A985-2417A009566C}.Debug|Any CPU.ActiveCfg = Debug|Any CPU
		{FFD143CB-3C91-4414-A985-2417A009566C}.Debug|Any CPU.Build.0 = Debug|Any CPU
		{FFD143CB-3C91-4414-A985-2417A009566C}.Debug|x64.ActiveCfg = Debug|Any CPU
		{FFD143CB-3C91-4414-A985-2417A009566C}.Debug|x64.Build.0 = Debug|Any CPU
		{FFD143CB-3C91-4414-A985-2417A009566C}.Debug|x86.ActiveCfg = Debug|Any CPU
		{FFD143CB-3C91-4414-A985-2417A009566C}.Debug|x86.Build.0 = Debug|Any CPU
		{FFD143CB-3C91-4414-A985-2417A009566C}.Release|Any CPU.ActiveCfg = Release|Any CPU
		{FFD143CB-3C91-4414-A985-2417A009566C}.Release|Any CPU.Build.0 = Release|Any CPU
		{FFD143CB-3C91-4414-A985-2417A009566C}.Release|x64.ActiveCfg = Release|Any CPU
		{FFD143CB-3C91-4414-A985-2417A009566C}.Release|x64.Build.0 = Release|Any CPU
		{FFD143CB-3C91-4414-A985-2417A009566C}.Release|x86.ActiveCfg = Release|Any CPU
		{FFD143CB-3C91-4414-A985-2417A009566C}.Release|x86.Build.0 = Release|Any CPU
		{1894A140-8D06-4A70-877A-6FDDAE5740CC}.Debug|Any CPU.ActiveCfg = Debug|Any CPU
		{1894A140-8D06-4A70-877A-6FDDAE5740CC}.Debug|Any CPU.Build.0 = Debug|Any CPU
		{1894A140-8D06-4A70-877A-6FDDAE5740CC}.Debug|x64.ActiveCfg = Debug|Any CPU
		{1894A140-8D06-4A70-877A-6FDDAE5740CC}.Debug|x64.Build.0 = Debug|Any CPU
		{1894A140-8D06-4A70-877A-6FDDAE5740CC}.Debug|x86.ActiveCfg = Debug|Any CPU
		{1894A140-8D06-4A70-877A-6FDDAE5740CC}.Debug|x86.Build.0 = Debug|Any CPU
		{1894A140-8D06-4A70-877A-6FDDAE5740CC}.Release|Any CPU.ActiveCfg = Release|Any CPU
		{1894A140-8D06-4A70-877A-6FDDAE5740CC}.Release|Any CPU.Build.0 = Release|Any CPU
		{1894A140-8D06-4A70-877A-6FDDAE5740CC}.Release|x64.ActiveCfg = Release|Any CPU
		{1894A140-8D06-4A70-877A-6FDDAE5740CC}.Release|x64.Build.0 = Release|Any CPU
		{1894A140-8D06-4A70-877A-6FDDAE5740CC}.Release|x86.ActiveCfg = Release|Any CPU
		{1894A140-8D06-4A70-877A-6FDDAE5740CC}.Release|x86.Build.0 = Release|Any CPU
		{D73A7555-CBB1-472A-8066-B7A086D8F9D9}.Debug|Any CPU.ActiveCfg = Debug|Any CPU
		{D73A7555-CBB1-472A-8066-B7A086D8F9D9}.Debug|Any CPU.Build.0 = Debug|Any CPU
		{D73A7555-CBB1-472A-8066-B7A086D8F9D9}.Debug|x64.ActiveCfg = Debug|Any CPU
		{D73A7555-CBB1-472A-8066-B7A086D8F9D9}.Debug|x64.Build.0 = Debug|Any CPU
		{D73A7555-CBB1-472A-8066-B7A086D8F9D9}.Debug|x86.ActiveCfg = Debug|Any CPU
		{D73A7555-CBB1-472A-8066-B7A086D8F9D9}.Debug|x86.Build.0 = Debug|Any CPU
		{D73A7555-CBB1-472A-8066-B7A086D8F9D9}.Release|Any CPU.ActiveCfg = Release|Any CPU
		{D73A7555-CBB1-472A-8066-B7A086D8F9D9}.Release|Any CPU.Build.0 = Release|Any CPU
		{D73A7555-CBB1-472A-8066-B7A086D8F9D9}.Release|x64.ActiveCfg = Release|Any CPU
		{D73A7555-CBB1-472A-8066-B7A086D8F9D9}.Release|x64.Build.0 = Release|Any CPU
		{D73A7555-CBB1-472A-8066-B7A086D8F9D9}.Release|x86.ActiveCfg = Release|Any CPU
		{D73A7555-CBB1-472A-8066-B7A086D8F9D9}.Release|x86.Build.0 = Release|Any CPU
		{9F7C32AE-B9D6-4375-8E55-7F9BDCD16574}.Debug|Any CPU.ActiveCfg = Debug|Any CPU
		{9F7C32AE-B9D6-4375-8E55-7F9BDCD16574}.Debug|Any CPU.Build.0 = Debug|Any CPU
		{9F7C32AE-B9D6-4375-8E55-7F9BDCD16574}.Debug|x64.ActiveCfg = Debug|Any CPU
		{9F7C32AE-B9D6-4375-8E55-7F9BDCD16574}.Debug|x64.Build.0 = Debug|Any CPU
		{9F7C32AE-B9D6-4375-8E55-7F9BDCD16574}.Debug|x86.ActiveCfg = Debug|Any CPU
		{9F7C32AE-B9D6-4375-8E55-7F9BDCD16574}.Debug|x86.Build.0 = Debug|Any CPU
		{9F7C32AE-B9D6-4375-8E55-7F9BDCD16574}.Release|Any CPU.ActiveCfg = Release|Any CPU
		{9F7C32AE-B9D6-4375-8E55-7F9BDCD16574}.Release|Any CPU.Build.0 = Release|Any CPU
		{9F7C32AE-B9D6-4375-8E55-7F9BDCD16574}.Release|x64.ActiveCfg = Release|Any CPU
		{9F7C32AE-B9D6-4375-8E55-7F9BDCD16574}.Release|x64.Build.0 = Release|Any CPU
		{9F7C32AE-B9D6-4375-8E55-7F9BDCD16574}.Release|x86.ActiveCfg = Release|Any CPU
		{9F7C32AE-B9D6-4375-8E55-7F9BDCD16574}.Release|x86.Build.0 = Release|Any CPU
	EndGlobalSection
	GlobalSection(SolutionProperties) = preSolution
		HideSolutionNode = FALSE
	EndGlobalSection
	GlobalSection(NestedProjects) = preSolution
		{C848D859-3091-4B5B-868E-A69976A62CCB} = {827E0CD3-B72D-47B6-A68D-7590B98EB39B}
		{FFD143CB-3C91-4414-A985-2417A009566C} = {827E0CD3-B72D-47B6-A68D-7590B98EB39B}
		{1894A140-8D06-4A70-877A-6FDDAE5740CC} = {827E0CD3-B72D-47B6-A68D-7590B98EB39B}
		{D73A7555-CBB1-472A-8066-B7A086D8F9D9} = {827E0CD3-B72D-47B6-A68D-7590B98EB39B}
		{9F7C32AE-B9D6-4375-8E55-7F9BDCD16574} = {0AB3BF05-4346-4AA6-1389-037BE0695223}
	EndGlobalSection
EndGlobal
